
Microsoft Visual Studio Solution File, Format Version 12.00
# Visual Studio 15
VisualStudioVersion = 15.0.28010.2003
MinimumVisualStudioVersion = 10.0.40219.1
Project("{8BC9CEB8-8B4A-11D0-8D11-00A0C91BC942}") = "102160032_16T1_BT31", "102160032_16T1_BT31\102160032_16T1_BT31.vcxproj", "{0FE40704-D478-4E38-B91D-95FDAD35497F}"
EndProject
Global
	GlobalSection(SolutionConfigurationPlatforms) = preSolution
		Debug|x64 = Debug|x64
		Debug|x86 = Debug|x86
		Release|x64 = Release|x64
		Release|x86 = Release|x86
	EndGlobalSection
	GlobalSection(ProjectConfigurationPlatforms) = postSolution
		{0FE40704-D478-4E38-B91D-95FDAD35497F}.Debug|x64.ActiveCfg = Debug|x64
		{0FE40704-D478-4E38-B91D-95FDAD35497F}.Debug|x64.Build.0 = Debug|x64
		{0FE40704-D478-4E38-B91D-95FDAD35497F}.Debug|x86.ActiveCfg = Debug|Win32
		{0FE40704-D478-4E38-B91D-95FDAD35497F}.Debug|x86.Build.0 = Debug|Win32
		{0FE40704-D478-4E38-B91D-95FDAD35497F}.Release|x64.ActiveCfg = Release|x64
		{0FE40704-D478-4E38-B91D-95FDAD35497F}.Release|x64.Build.0 = Release|x64
		{0FE40704-D478-4E38-B91D-95FDAD35497F}.Release|x86.ActiveCfg = Release|Win32
		{0FE40704-D478-4E38-B91D-95FDAD35497F}.Release|x86.Build.0 = Release|Win32
	EndGlobalSection
	GlobalSection(SolutionProperties) = preSolution
		HideSolutionNode = FALSE
	EndGlobalSection
	GlobalSection(ExtensibilityGlobals) = postSolution
		SolutionGuid = {572B8C65-7D09-4215-8D89-ACB6D6202FBC}
	EndGlobalSection
EndGlobal
